
Microsoft Visual Studio Solution File, Format Version 12.00
# Visual Studio 2013
VisualStudioVersion = 12.0.21005.1
MinimumVisualStudioVersion = 10.0.40219.1
Project("{FAE04EC0-301F-11D3-BF4B-00C04F79EFBC}") = "QuanLiTruongHoc", "QuanLiTruongHoc\QuanLiTruongHoc.csproj", "{B28AB7A2-62E4-49CE-BBFC-E839E61212C4}"
EndProject
Project("{FAE04EC0-301F-11D3-BF4B-00C04F79EFBC}") = "DAO", "DAO\DAO.csproj", "{D303FAB9-6EC7-4AF1-B1D5-C5A0E6A1D46C}"
EndProject
Project("{FAE04EC0-301F-11D3-BF4B-00C04F79EFBC}") = "DTO", "DTO\DTO.csproj", "{83BC2DE6-E409-4553-9E55-470BFC5982EE}"
EndProject
Global
	GlobalSection(SolutionConfigurationPlatforms) = preSolution
		Debug|Any CPU = Debug|Any CPU
		Release|Any CPU = Release|Any CPU
	EndGlobalSection
	GlobalSection(ProjectConfigurationPlatforms) = postSolution
		{B28AB7A2-62E4-49CE-BBFC-E839E61212C4}.Debug|Any CPU.ActiveCfg = Debug|Any CPU
		{B28AB7A2-62E4-49CE-BBFC-E839E61212C4}.Debug|Any CPU.Build.0 = Debug|Any CPU
		{B28AB7A2-62E4-49CE-BBFC-E839E61212C4}.Release|Any CPU.ActiveCfg = Release|Any CPU
		{B28AB7A2-62E4-49CE-BBFC-E839E61212C4}.Release|Any CPU.Build.0 = Release|Any CPU
		{D303FAB9-6EC7-4AF1-B1D5-C5A0E6A1D46C}.Debug|Any CPU.ActiveCfg = Debug|Any CPU
		{D303FAB9-6EC7-4AF1-B1D5-C5A0E6A1D46C}.Debug|Any CPU.Build.0 = Debug|Any CPU
		{D303FAB9-6EC7-4AF1-B1D5-C5A0E6A1D46C}.Release|Any CPU.ActiveCfg = Release|Any CPU
		{D303FAB9-6EC7-4AF1-B1D5-C5A0E6A1D46C}.Release|Any CPU.Build.0 = Release|Any CPU
		{83BC2DE6-E409-4553-9E55-470BFC5982EE}.Debug|Any CPU.ActiveCfg = Debug|Any CPU
		{83BC2DE6-E409-4553-9E55-470BFC5982EE}.Debug|Any CPU.Build.0 = Debug|Any CPU
		{83BC2DE6-E409-4553-9E55-470BFC5982EE}.Release|Any CPU.ActiveCfg = Release|Any CPU
		{83BC2DE6-E409-4553-9E55-470BFC5982EE}.Release|Any CPU.Build.0 = Release|Any CPU
	EndGlobalSection
	GlobalSection(SolutionProperties) = preSolution
		HideSolutionNode = FALSE
	EndGlobalSection
EndGlobal
